<Solution>
  <Folder Name="/tests/">
    <Project Path="tests/VertexERP.Application.Tests/VertexERP.Application.Tests.csproj" Id="a9925ebc-1db6-4251-b963-3cdcd252cbfe" />
  </Folder>
  <Project Path="VertexERP.API/VertexERP.API.csproj" />
  <Project Path="VertexERP.Application/VertexERP.Application.csproj" />
  <Project Path="VertexERP.Domain/VertexERP.Domain.csproj" />
  <Project Path="VertexERP.Infrastructure/VertexERP.Infrastructure.csproj" />
</Solution>
