<Solution>
  <Project Path="src/VertexERP.API/VertexERP.API.csproj" />
  <Project Path="src/VertexERP.Application/VertexERP.Application.csproj" Id="bb2878e1-bfd9-4d7c-b440-5a60e702cab3" />
  <Project Path="src/VertexERP.Domain/VertexERP.Domain.csproj" />
  <Project Path="src/VertexERP.Infrastructure/VertexERP.Infrastructure.csproj" />
</Solution>
